
Microsoft Visual Studio Solution File, Format Version 12.00
# Visual Studio Version 17
VisualStudioVersion = 17.0.31903.59
MinimumVisualStudioVersion = 10.0.40219.1
Project("{9A19103F-16F7-4668-BE54-9A1E7A4F7556}") = "GatewayCoreAPI", "GatewayCoreAPI\GatewayCoreAPI.csproj", "{85C269B1-EACF-4F49-AD9F-AE162B5DFF52}"
EndProject
Project("{2150E333-8FDC-42A3-9474-1A3956D46DE8}") = "LogicApi", "LogicApi", "{BEC18E7A-C0F5-4706-8D3E-9AB83A3DE7BB}"
EndProject
Project("{2150E333-8FDC-42A3-9474-1A3956D46DE8}") = "Common", "Common", "{B94B8E18-871C-4E4C-B695-7A0A0267279E}"
EndProject
Project("{2150E333-8FDC-42A3-9474-1A3956D46DE8}") = "Persistence", "Persistence", "{BFA553FE-FF7A-4D5C-8E05-548E6A19AC57}"
EndProject
Project("{9A19103F-16F7-4668-BE54-9A1E7A4F7556}") = "Common.Blob", "Common\Common.Blob\Common.Blob.csproj", "{DF11B17D-F0C1-44B0-AC1F-235FA81D7DCC}"
EndProject
Project("{9A19103F-16F7-4668-BE54-9A1E7A4F7556}") = "Common.Cache", "Common\Common.Cache\Common.Cache.csproj", "{7572FAF4-5043-4963-9893-D261A5B2243A}"
EndProject
Project("{9A19103F-16F7-4668-BE54-9A1E7A4F7556}") = "Common.Clock", "Common\Common.Clock\Common.Clock.csproj", "{507400D8-6F10-4D94-B48F-FBD76E687747}"
EndProject
Project("{9A19103F-16F7-4668-BE54-9A1E7A4F7556}") = "Common.Messages", "Common\Common.Messages\Common.Messages.csproj", "{44273038-6DCD-4E21-8BEA-AB0B67C948DD}"
EndProject
Project("{9A19103F-16F7-4668-BE54-9A1E7A4F7556}") = "Common.Models", "Common\Common.Models\Common.Models.csproj", "{3CD1F3E6-56CE-4B92-976C-790A089EDD2B}"
EndProject
Project("{9A19103F-16F7-4668-BE54-9A1E7A4F7556}") = "Common.PluginFactory", "Common\Common.PluginFactory\Common.PluginFactory.csproj", "{9531825B-7B8C-4988-A284-F09CAE793468}"
EndProject
Project("{9A19103F-16F7-4668-BE54-9A1E7A4F7556}") = "Common.Security", "Common\Common.Security\Common.Security.csproj", "{A7619C80-083F-4A9E-A7FC-005F3C234BB7}"
EndProject
Project("{9A19103F-16F7-4668-BE54-9A1E7A4F7556}") = "Common.Utils", "Common\Common.Utils\Common.Utils.csproj", "{42B8C3D5-21DF-4955-97DE-970751CFED71}"
EndProject
Project("{9A19103F-16F7-4668-BE54-9A1E7A4F7556}") = "Common.WebApi", "Common\Common.WebApi\Common.WebApi.csproj", "{617CE188-9285-4082-87C4-4FEA1320426D}"
EndProject
Project("{9A19103F-16F7-4668-BE54-9A1E7A4F7556}") = "LogicApi.Abstractions", "LogicApi\LogicApi.Abstractions\LogicApi.Abstractions.csproj", "{F2197B03-3619-4357-A375-6A6FD6341564}"
EndProject
Project("{9A19103F-16F7-4668-BE54-9A1E7A4F7556}") = "LogicApi.BusinessLogic", "LogicApi\LogicApi.BusinessLogic\LogicApi.BusinessLogic.csproj", "{7BFBEC0D-8012-4376-945B-4A142B42FC07}"
EndProject
Project("{9A19103F-16F7-4668-BE54-9A1E7A4F7556}") = "LogicApi.Model", "LogicApi\LogicApi.Model\LogicApi.Model.csproj", "{85DB8DC3-10CA-433F-8C73-5839A7EAAA12}"
EndProject
Project("{9A19103F-16F7-4668-BE54-9A1E7A4F7556}") = "PersistenceDb", "Persistence\PersistenceDb\PersistenceDb.csproj", "{E85FBD75-0027-4660-84EA-6F71003EBDCD}"
EndProject
Project("{9A19103F-16F7-4668-BE54-9A1E7A4F7556}") = "PersistenceDb.Models", "Persistence\PersistenceDb.Models\PersistenceDb.Models.csproj", "{B661845D-CAB2-4BD1-9571-E5DEE5F92987}"
EndProject
Project("{9A19103F-16F7-4668-BE54-9A1E7A4F7556}") = "PersistenceDb.Repository", "Persistence\PersistenceDb.Repository\PersistenceDb.Repository.csproj", "{865B4F10-EC72-46EC-B3F8-D28CD49C8951}"
EndProject
Project("{2150E333-8FDC-42A3-9474-1A3956D46DE8}") = "Test", "Test", "{053E7E78-B03F-4AD0-AC12-B7A96493A07C}"
EndProject
Project("{9A19103F-16F7-4668-BE54-9A1E7A4F7556}") = "Common.Test", "Test\Common.Test\Common.Test.csproj", "{C656342A-55E4-4EB4-9E28-6F26C3F7AE1A}"
EndProject
Project("{9A19103F-16F7-4668-BE54-9A1E7A4F7556}") = "Common.Mail", "Common\Common.Mail\Common.Mail.csproj", "{AC5F3BE6-3FA4-4835-9E4C-776101BEC01D}"
EndProject
Project("{9A19103F-16F7-4668-BE54-9A1E7A4F7556}") = "Common.Tasks", "Common\Common.Tasks\Common.Tasks.csproj", "{95E9388C-0F29-45A4-B0C7-92BA3D3C4D6E}"
EndProject
Project("{9A19103F-16F7-4668-BE54-9A1E7A4F7556}") = "Common.WebCommon", "Common\Common.WebCommon\Common.WebCommon.csproj", "{6C731082-FDAE-42C4-9172-89B81D26E851}"
EndProject
Project("{2150E333-8FDC-42A3-9474-1A3956D46DE8}") = "LogicCommon", "LogicCommon", "{26B86B44-D80C-4264-9869-8ED933E78D73}"
EndProject
Project("{9A19103F-16F7-4668-BE54-9A1E7A4F7556}") = "LogicCommon.BusinessLogic", "LogicCommon\LogicCommon.BusinessLogic\LogicCommon.BusinessLogic.csproj", "{00ED40AC-B7F7-486C-A5FA-8E35D9CAF25B}"
EndProject
Project("{9A19103F-16F7-4668-BE54-9A1E7A4F7556}") = "LogicCommon.Model", "LogicCommon\LogicCommon.Model\LogicCommon.Model.csproj", "{AAB9EEE4-BBE3-4C9C-94E2-E1C8A619B9D7}"
EndProject
Project("{9A19103F-16F7-4668-BE54-9A1E7A4F7556}") = "LogicCommon.Abstraction", "LogicCommon\LogicCommon.Abstraction\LogicCommon.Abstraction.csproj", "{4D9F6F3E-5A15-4918-AF01-BA81CBDFCEB1}"
EndProject
Project("{9A19103F-16F7-4668-BE54-9A1E7A4F7556}") = "Common.PushNotification", "Common\Common.PushNotification\Common.PushNotification.csproj", "{EA760C66-843C-4353-B948-6CFE846072EE}"
EndProject
Project("{9A19103F-16F7-4668-BE54-9A1E7A4F7556}") = "Common.Card", "Common\Common.Card\Common.Card.csproj", "{5C0634BF-994F-479B-A14D-14442931B5F6}"
EndProject
Project("{9A19103F-16F7-4668-BE54-9A1E7A4F7556}") = "Common.Cooperative", "Common\Common.Cooperative\Common.Cooperative.csproj", "{13D06798-51AF-4E9D-8270-F618F57E952A}"
EndProject
Project("{9A19103F-16F7-4668-BE54-9A1E7A4F7556}") = "Common.UserDocumentation", "Common\Common.UserDocumentation\Common.UserDocumentation.csproj", "{0C161477-5C9B-4470-8E29-6DC33999D8A7}"
EndProject
Project("{9A19103F-16F7-4668-BE54-9A1E7A4F7556}") = "Common.Authentication", "Common\Common.Authentication\Common.Authentication.csproj", "{3C62BB18-58E4-4934-8B2C-CAAFD49390A3}"
EndProject
Project("{9A19103F-16F7-4668-BE54-9A1E7A4F7556}") = "Common.Queue", "Common\Common.Queue\Common.Queue.csproj", "{A2DF37E8-29AF-4609-9CBA-EC1BC37F1680}"
EndProject
Project("{9A19103F-16F7-4668-BE54-9A1E7A4F7556}") = "WebJobs", "WebJobs\WebJobs.csproj", "{C14F5674-4A51-4286-B8C5-FBDD40473D94}"
EndProject
Project("{2150E333-8FDC-42A3-9474-1A3956D46DE8}") = "LogicWebJob", "LogicWebJob", "{CB741D43-FE69-4FF1-AE00-9C4D55F2F943}"
EndProject
Project("{9A19103F-16F7-4668-BE54-9A1E7A4F7556}") = "LogicWebJob.BusinessLogic", "LogicWebJob\LogicWebJob.BusinessLogic\LogicWebJob.BusinessLogic.csproj", "{82A44488-A919-4188-92CC-5267AB8B7030}"
EndProject
Project("{9A19103F-16F7-4668-BE54-9A1E7A4F7556}") = "LogicWebJob.Model", "LogicWebJob\LogicWebJob.Model\LogicWebJob.Model.csproj", "{8988148D-B9C0-4619-81D2-568BA7CAD871}"
EndProject
Project("{9A19103F-16F7-4668-BE54-9A1E7A4F7556}") = "Common.WebJob", "Common\Common.WebJob\Common.WebJob.csproj", "{BC82B95D-F46B-4696-AF27-4088507B7A07}"
EndProject
Project("{FAE04EC0-301F-11D3-BF4B-00C04F79EFBC}") = "WebSocketsApp", "WebSocketsApp\WebSocketsApp.csproj", "{0CBA9076-CC77-4DB8-BE8D-C48FADCED861}"
EndProject
Project("{2150E333-8FDC-42A3-9474-1A3956D46DE8}") = "LogicWebSocket", "LogicWebSocket", "{AF7E0818-AF35-4A6D-8089-D22B70A0C9CB}"
EndProject
Project("{FAE04EC0-301F-11D3-BF4B-00C04F79EFBC}") = "LogicWebSocket.BusinessLogic", "LogicWebSocket\LogicWebSocket.BusinessLogic\LogicWebSocket.BusinessLogic.csproj", "{8F914B99-A129-4FC1-92B3-EAC9A5B6E093}"
EndProject
Project("{FAE04EC0-301F-11D3-BF4B-00C04F79EFBC}") = "LogicWebSocket.Model", "LogicWebSocket\LogicWebSocket.Model\LogicWebSocket.Model.csproj", "{A280F665-3F6B-498E-8CB4-BCA0DE629CF2}"
EndProject
Project("{FAE04EC0-301F-11D3-BF4B-00C04F79EFBC}") = "Common.SignalR", "Common\Common.SignalR\Common.SignalR.csproj", "{691F57F6-08CB-407A-A5C2-2ED3EC5A392F}"
EndProject
Project("{FAE04EC0-301F-11D3-BF4B-00C04F79EFBC}") = "Common.EventHub", "Common\Common.EventHub\Common.EventHub.csproj", "{298A2627-0E91-49E8-8859-D8684838EBF6}"
EndProject
Project("{FAE04EC0-301F-11D3-BF4B-00C04F79EFBC}") = "Common.WebHub", "Common\Common.WebHub\Common.WebHub.csproj", "{23C6EE81-5751-4F06-A010-114BE250F26F}"
EndProject
Project("{FAE04EC0-301F-11D3-BF4B-00C04F79EFBC}") = "Common.Templates", "Common\Common.Templates\Common.Templates.csproj", "{B556A11D-45DF-4132-84A4-99D815CDB310}"
EndProject
Global
	GlobalSection(SolutionConfigurationPlatforms) = preSolution
		Debug|Any CPU = Debug|Any CPU
		Release|Any CPU = Release|Any CPU
	EndGlobalSection
	GlobalSection(ProjectConfigurationPlatforms) = postSolution
		{85C269B1-EACF-4F49-AD9F-AE162B5DFF52}.Debug|Any CPU.ActiveCfg = Debug|Any CPU
		{85C269B1-EACF-4F49-AD9F-AE162B5DFF52}.Debug|Any CPU.Build.0 = Debug|Any CPU
		{85C269B1-EACF-4F49-AD9F-AE162B5DFF52}.Release|Any CPU.ActiveCfg = Release|Any CPU
		{85C269B1-EACF-4F49-AD9F-AE162B5DFF52}.Release|Any CPU.Build.0 = Release|Any CPU
		{DF11B17D-F0C1-44B0-AC1F-235FA81D7DCC}.Debug|Any CPU.ActiveCfg = Debug|Any CPU
		{DF11B17D-F0C1-44B0-AC1F-235FA81D7DCC}.Debug|Any CPU.Build.0 = Debug|Any CPU
		{DF11B17D-F0C1-44B0-AC1F-235FA81D7DCC}.Release|Any CPU.ActiveCfg = Release|Any CPU
		{DF11B17D-F0C1-44B0-AC1F-235FA81D7DCC}.Release|Any CPU.Build.0 = Release|Any CPU
		{7572FAF4-5043-4963-9893-D261A5B2243A}.Debug|Any CPU.ActiveCfg = Debug|Any CPU
		{7572FAF4-5043-4963-9893-D261A5B2243A}.Debug|Any CPU.Build.0 = Debug|Any CPU
		{7572FAF4-5043-4963-9893-D261A5B2243A}.Release|Any CPU.ActiveCfg = Release|Any CPU
		{7572FAF4-5043-4963-9893-D261A5B2243A}.Release|Any CPU.Build.0 = Release|Any CPU
		{507400D8-6F10-4D94-B48F-FBD76E687747}.Debug|Any CPU.ActiveCfg = Debug|Any CPU
		{507400D8-6F10-4D94-B48F-FBD76E687747}.Debug|Any CPU.Build.0 = Debug|Any CPU
		{507400D8-6F10-4D94-B48F-FBD76E687747}.Release|Any CPU.ActiveCfg = Release|Any CPU
		{507400D8-6F10-4D94-B48F-FBD76E687747}.Release|Any CPU.Build.0 = Release|Any CPU
		{44273038-6DCD-4E21-8BEA-AB0B67C948DD}.Debug|Any CPU.ActiveCfg = Debug|Any CPU
		{44273038-6DCD-4E21-8BEA-AB0B67C948DD}.Debug|Any CPU.Build.0 = Debug|Any CPU
		{44273038-6DCD-4E21-8BEA-AB0B67C948DD}.Release|Any CPU.ActiveCfg = Release|Any CPU
		{44273038-6DCD-4E21-8BEA-AB0B67C948DD}.Release|Any CPU.Build.0 = Release|Any CPU
		{3CD1F3E6-56CE-4B92-976C-790A089EDD2B}.Debug|Any CPU.ActiveCfg = Debug|Any CPU
		{3CD1F3E6-56CE-4B92-976C-790A089EDD2B}.Debug|Any CPU.Build.0 = Debug|Any CPU
		{3CD1F3E6-56CE-4B92-976C-790A089EDD2B}.Release|Any CPU.ActiveCfg = Release|Any CPU
		{3CD1F3E6-56CE-4B92-976C-790A089EDD2B}.Release|Any CPU.Build.0 = Release|Any CPU
		{9531825B-7B8C-4988-A284-F09CAE793468}.Debug|Any CPU.ActiveCfg = Debug|Any CPU
		{9531825B-7B8C-4988-A284-F09CAE793468}.Debug|Any CPU.Build.0 = Debug|Any CPU
		{9531825B-7B8C-4988-A284-F09CAE793468}.Release|Any CPU.ActiveCfg = Release|Any CPU
		{9531825B-7B8C-4988-A284-F09CAE793468}.Release|Any CPU.Build.0 = Release|Any CPU
		{A7619C80-083F-4A9E-A7FC-005F3C234BB7}.Debug|Any CPU.ActiveCfg = Debug|Any CPU
		{A7619C80-083F-4A9E-A7FC-005F3C234BB7}.Debug|Any CPU.Build.0 = Debug|Any CPU
		{A7619C80-083F-4A9E-A7FC-005F3C234BB7}.Release|Any CPU.ActiveCfg = Release|Any CPU
		{A7619C80-083F-4A9E-A7FC-005F3C234BB7}.Release|Any CPU.Build.0 = Release|Any CPU
		{42B8C3D5-21DF-4955-97DE-970751CFED71}.Debug|Any CPU.ActiveCfg = Debug|Any CPU
		{42B8C3D5-21DF-4955-97DE-970751CFED71}.Debug|Any CPU.Build.0 = Debug|Any CPU
		{42B8C3D5-21DF-4955-97DE-970751CFED71}.Release|Any CPU.ActiveCfg = Release|Any CPU
		{42B8C3D5-21DF-4955-97DE-970751CFED71}.Release|Any CPU.Build.0 = Release|Any CPU
		{617CE188-9285-4082-87C4-4FEA1320426D}.Debug|Any CPU.ActiveCfg = Debug|Any CPU
		{617CE188-9285-4082-87C4-4FEA1320426D}.Debug|Any CPU.Build.0 = Debug|Any CPU
		{617CE188-9285-4082-87C4-4FEA1320426D}.Release|Any CPU.ActiveCfg = Release|Any CPU
		{617CE188-9285-4082-87C4-4FEA1320426D}.Release|Any CPU.Build.0 = Release|Any CPU
		{F2197B03-3619-4357-A375-6A6FD6341564}.Debug|Any CPU.ActiveCfg = Debug|Any CPU
		{F2197B03-3619-4357-A375-6A6FD6341564}.Debug|Any CPU.Build.0 = Debug|Any CPU
		{F2197B03-3619-4357-A375-6A6FD6341564}.Release|Any CPU.ActiveCfg = Release|Any CPU
		{F2197B03-3619-4357-A375-6A6FD6341564}.Release|Any CPU.Build.0 = Release|Any CPU
		{7BFBEC0D-8012-4376-945B-4A142B42FC07}.Debug|Any CPU.ActiveCfg = Debug|Any CPU
		{7BFBEC0D-8012-4376-945B-4A142B42FC07}.Debug|Any CPU.Build.0 = Debug|Any CPU
		{7BFBEC0D-8012-4376-945B-4A142B42FC07}.Release|Any CPU.ActiveCfg = Release|Any CPU
		{7BFBEC0D-8012-4376-945B-4A142B42FC07}.Release|Any CPU.Build.0 = Release|Any CPU
		{85DB8DC3-10CA-433F-8C73-5839A7EAAA12}.Debug|Any CPU.ActiveCfg = Debug|Any CPU
		{85DB8DC3-10CA-433F-8C73-5839A7EAAA12}.Debug|Any CPU.Build.0 = Debug|Any CPU
		{85DB8DC3-10CA-433F-8C73-5839A7EAAA12}.Release|Any CPU.ActiveCfg = Release|Any CPU
		{85DB8DC3-10CA-433F-8C73-5839A7EAAA12}.Release|Any CPU.Build.0 = Release|Any CPU
		{E85FBD75-0027-4660-84EA-6F71003EBDCD}.Debug|Any CPU.ActiveCfg = Debug|Any CPU
		{E85FBD75-0027-4660-84EA-6F71003EBDCD}.Debug|Any CPU.Build.0 = Debug|Any CPU
		{E85FBD75-0027-4660-84EA-6F71003EBDCD}.Release|Any CPU.ActiveCfg = Release|Any CPU
		{E85FBD75-0027-4660-84EA-6F71003EBDCD}.Release|Any CPU.Build.0 = Release|Any CPU
		{B661845D-CAB2-4BD1-9571-E5DEE5F92987}.Debug|Any CPU.ActiveCfg = Debug|Any CPU
		{B661845D-CAB2-4BD1-9571-E5DEE5F92987}.Debug|Any CPU.Build.0 = Debug|Any CPU
		{B661845D-CAB2-4BD1-9571-E5DEE5F92987}.Release|Any CPU.ActiveCfg = Release|Any CPU
		{B661845D-CAB2-4BD1-9571-E5DEE5F92987}.Release|Any CPU.Build.0 = Release|Any CPU
		{865B4F10-EC72-46EC-B3F8-D28CD49C8951}.Debug|Any CPU.ActiveCfg = Debug|Any CPU
		{865B4F10-EC72-46EC-B3F8-D28CD49C8951}.Debug|Any CPU.Build.0 = Debug|Any CPU
		{865B4F10-EC72-46EC-B3F8-D28CD49C8951}.Release|Any CPU.ActiveCfg = Release|Any CPU
		{865B4F10-EC72-46EC-B3F8-D28CD49C8951}.Release|Any CPU.Build.0 = Release|Any CPU
		{C656342A-55E4-4EB4-9E28-6F26C3F7AE1A}.Debug|Any CPU.ActiveCfg = Debug|Any CPU
		{C656342A-55E4-4EB4-9E28-6F26C3F7AE1A}.Debug|Any CPU.Build.0 = Debug|Any CPU
		{C656342A-55E4-4EB4-9E28-6F26C3F7AE1A}.Release|Any CPU.ActiveCfg = Release|Any CPU
		{C656342A-55E4-4EB4-9E28-6F26C3F7AE1A}.Release|Any CPU.Build.0 = Release|Any CPU
		{AC5F3BE6-3FA4-4835-9E4C-776101BEC01D}.Debug|Any CPU.ActiveCfg = Debug|Any CPU
		{AC5F3BE6-3FA4-4835-9E4C-776101BEC01D}.Debug|Any CPU.Build.0 = Debug|Any CPU
		{AC5F3BE6-3FA4-4835-9E4C-776101BEC01D}.Release|Any CPU.ActiveCfg = Release|Any CPU
		{AC5F3BE6-3FA4-4835-9E4C-776101BEC01D}.Release|Any CPU.Build.0 = Release|Any CPU
		{95E9388C-0F29-45A4-B0C7-92BA3D3C4D6E}.Debug|Any CPU.ActiveCfg = Debug|Any CPU
		{95E9388C-0F29-45A4-B0C7-92BA3D3C4D6E}.Debug|Any CPU.Build.0 = Debug|Any CPU
		{95E9388C-0F29-45A4-B0C7-92BA3D3C4D6E}.Release|Any CPU.ActiveCfg = Release|Any CPU
		{95E9388C-0F29-45A4-B0C7-92BA3D3C4D6E}.Release|Any CPU.Build.0 = Release|Any CPU
		{6C731082-FDAE-42C4-9172-89B81D26E851}.Debug|Any CPU.ActiveCfg = Debug|Any CPU
		{6C731082-FDAE-42C4-9172-89B81D26E851}.Debug|Any CPU.Build.0 = Debug|Any CPU
		{6C731082-FDAE-42C4-9172-89B81D26E851}.Release|Any CPU.ActiveCfg = Release|Any CPU
		{6C731082-FDAE-42C4-9172-89B81D26E851}.Release|Any CPU.Build.0 = Release|Any CPU
		{00ED40AC-B7F7-486C-A5FA-8E35D9CAF25B}.Debug|Any CPU.ActiveCfg = Debug|Any CPU
		{00ED40AC-B7F7-486C-A5FA-8E35D9CAF25B}.Debug|Any CPU.Build.0 = Debug|Any CPU
		{00ED40AC-B7F7-486C-A5FA-8E35D9CAF25B}.Release|Any CPU.ActiveCfg = Release|Any CPU
		{00ED40AC-B7F7-486C-A5FA-8E35D9CAF25B}.Release|Any CPU.Build.0 = Release|Any CPU
		{AAB9EEE4-BBE3-4C9C-94E2-E1C8A619B9D7}.Debug|Any CPU.ActiveCfg = Debug|Any CPU
		{AAB9EEE4-BBE3-4C9C-94E2-E1C8A619B9D7}.Debug|Any CPU.Build.0 = Debug|Any CPU
		{AAB9EEE4-BBE3-4C9C-94E2-E1C8A619B9D7}.Release|Any CPU.ActiveCfg = Release|Any CPU
		{AAB9EEE4-BBE3-4C9C-94E2-E1C8A619B9D7}.Release|Any CPU.Build.0 = Release|Any CPU
		{4D9F6F3E-5A15-4918-AF01-BA81CBDFCEB1}.Debug|Any CPU.ActiveCfg = Debug|Any CPU
		{4D9F6F3E-5A15-4918-AF01-BA81CBDFCEB1}.Debug|Any CPU.Build.0 = Debug|Any CPU
		{4D9F6F3E-5A15-4918-AF01-BA81CBDFCEB1}.Release|Any CPU.ActiveCfg = Release|Any CPU
		{4D9F6F3E-5A15-4918-AF01-BA81CBDFCEB1}.Release|Any CPU.Build.0 = Release|Any CPU
		{EA760C66-843C-4353-B948-6CFE846072EE}.Debug|Any CPU.ActiveCfg = Debug|Any CPU
		{EA760C66-843C-4353-B948-6CFE846072EE}.Debug|Any CPU.Build.0 = Debug|Any CPU
		{EA760C66-843C-4353-B948-6CFE846072EE}.Release|Any CPU.ActiveCfg = Release|Any CPU
		{EA760C66-843C-4353-B948-6CFE846072EE}.Release|Any CPU.Build.0 = Release|Any CPU
		{5C0634BF-994F-479B-A14D-14442931B5F6}.Debug|Any CPU.ActiveCfg = Debug|Any CPU
		{5C0634BF-994F-479B-A14D-14442931B5F6}.Debug|Any CPU.Build.0 = Debug|Any CPU
		{5C0634BF-994F-479B-A14D-14442931B5F6}.Release|Any CPU.ActiveCfg = Release|Any CPU
		{5C0634BF-994F-479B-A14D-14442931B5F6}.Release|Any CPU.Build.0 = Release|Any CPU
		{13D06798-51AF-4E9D-8270-F618F57E952A}.Debug|Any CPU.ActiveCfg = Debug|Any CPU
		{13D06798-51AF-4E9D-8270-F618F57E952A}.Debug|Any CPU.Build.0 = Debug|Any CPU
		{13D06798-51AF-4E9D-8270-F618F57E952A}.Release|Any CPU.ActiveCfg = Release|Any CPU
		{13D06798-51AF-4E9D-8270-F618F57E952A}.Release|Any CPU.Build.0 = Release|Any CPU
		{0C161477-5C9B-4470-8E29-6DC33999D8A7}.Debug|Any CPU.ActiveCfg = Debug|Any CPU
		{0C161477-5C9B-4470-8E29-6DC33999D8A7}.Debug|Any CPU.Build.0 = Debug|Any CPU
		{0C161477-5C9B-4470-8E29-6DC33999D8A7}.Release|Any CPU.ActiveCfg = Release|Any CPU
		{0C161477-5C9B-4470-8E29-6DC33999D8A7}.Release|Any CPU.Build.0 = Release|Any CPU
		{3C62BB18-58E4-4934-8B2C-CAAFD49390A3}.Debug|Any CPU.ActiveCfg = Debug|Any CPU
		{3C62BB18-58E4-4934-8B2C-CAAFD49390A3}.Debug|Any CPU.Build.0 = Debug|Any CPU
		{3C62BB18-58E4-4934-8B2C-CAAFD49390A3}.Release|Any CPU.ActiveCfg = Release|Any CPU
		{3C62BB18-58E4-4934-8B2C-CAAFD49390A3}.Release|Any CPU.Build.0 = Release|Any CPU
		{A2DF37E8-29AF-4609-9CBA-EC1BC37F1680}.Debug|Any CPU.ActiveCfg = Debug|Any CPU
		{A2DF37E8-29AF-4609-9CBA-EC1BC37F1680}.Debug|Any CPU.Build.0 = Debug|Any CPU
		{A2DF37E8-29AF-4609-9CBA-EC1BC37F1680}.Release|Any CPU.ActiveCfg = Release|Any CPU
		{A2DF37E8-29AF-4609-9CBA-EC1BC37F1680}.Release|Any CPU.Build.0 = Release|Any CPU
		{C14F5674-4A51-4286-B8C5-FBDD40473D94}.Debug|Any CPU.ActiveCfg = Debug|Any CPU
		{C14F5674-4A51-4286-B8C5-FBDD40473D94}.Debug|Any CPU.Build.0 = Debug|Any CPU
		{C14F5674-4A51-4286-B8C5-FBDD40473D94}.Release|Any CPU.ActiveCfg = Release|Any CPU
		{C14F5674-4A51-4286-B8C5-FBDD40473D94}.Release|Any CPU.Build.0 = Release|Any CPU
		{82A44488-A919-4188-92CC-5267AB8B7030}.Debug|Any CPU.ActiveCfg = Debug|Any CPU
		{82A44488-A919-4188-92CC-5267AB8B7030}.Debug|Any CPU.Build.0 = Debug|Any CPU
		{82A44488-A919-4188-92CC-5267AB8B7030}.Release|Any CPU.ActiveCfg = Release|Any CPU
		{82A44488-A919-4188-92CC-5267AB8B7030}.Release|Any CPU.Build.0 = Release|Any CPU
		{8988148D-B9C0-4619-81D2-568BA7CAD871}.Debug|Any CPU.ActiveCfg = Debug|Any CPU
		{8988148D-B9C0-4619-81D2-568BA7CAD871}.Debug|Any CPU.Build.0 = Debug|Any CPU
		{8988148D-B9C0-4619-81D2-568BA7CAD871}.Release|Any CPU.ActiveCfg = Release|Any CPU
		{8988148D-B9C0-4619-81D2-568BA7CAD871}.Release|Any CPU.Build.0 = Release|Any CPU
		{BC82B95D-F46B-4696-AF27-4088507B7A07}.Debug|Any CPU.ActiveCfg = Debug|Any CPU
		{BC82B95D-F46B-4696-AF27-4088507B7A07}.Debug|Any CPU.Build.0 = Debug|Any CPU
		{BC82B95D-F46B-4696-AF27-4088507B7A07}.Release|Any CPU.ActiveCfg = Release|Any CPU
		{BC82B95D-F46B-4696-AF27-4088507B7A07}.Release|Any CPU.Build.0 = Release|Any CPU
		{0CBA9076-CC77-4DB8-BE8D-C48FADCED861}.Debug|Any CPU.ActiveCfg = Debug|Any CPU
		{0CBA9076-CC77-4DB8-BE8D-C48FADCED861}.Debug|Any CPU.Build.0 = Debug|Any CPU
		{0CBA9076-CC77-4DB8-BE8D-C48FADCED861}.Release|Any CPU.ActiveCfg = Release|Any CPU
		{0CBA9076-CC77-4DB8-BE8D-C48FADCED861}.Release|Any CPU.Build.0 = Release|Any CPU
		{8F914B99-A129-4FC1-92B3-EAC9A5B6E093}.Debug|Any CPU.ActiveCfg = Debug|Any CPU
		{8F914B99-A129-4FC1-92B3-EAC9A5B6E093}.Debug|Any CPU.Build.0 = Debug|Any CPU
		{8F914B99-A129-4FC1-92B3-EAC9A5B6E093}.Release|Any CPU.ActiveCfg = Release|Any CPU
		{8F914B99-A129-4FC1-92B3-EAC9A5B6E093}.Release|Any CPU.Build.0 = Release|Any CPU
		{A280F665-3F6B-498E-8CB4-BCA0DE629CF2}.Debug|Any CPU.ActiveCfg = Debug|Any CPU
		{A280F665-3F6B-498E-8CB4-BCA0DE629CF2}.Debug|Any CPU.Build.0 = Debug|Any CPU
		{A280F665-3F6B-498E-8CB4-BCA0DE629CF2}.Release|Any CPU.ActiveCfg = Release|Any CPU
		{A280F665-3F6B-498E-8CB4-BCA0DE629CF2}.Release|Any CPU.Build.0 = Release|Any CPU
		{691F57F6-08CB-407A-A5C2-2ED3EC5A392F}.Debug|Any CPU.ActiveCfg = Debug|Any CPU
		{691F57F6-08CB-407A-A5C2-2ED3EC5A392F}.Debug|Any CPU.Build.0 = Debug|Any CPU
		{691F57F6-08CB-407A-A5C2-2ED3EC5A392F}.Release|Any CPU.ActiveCfg = Release|Any CPU
		{691F57F6-08CB-407A-A5C2-2ED3EC5A392F}.Release|Any CPU.Build.0 = Release|Any CPU
		{298A2627-0E91-49E8-8859-D8684838EBF6}.Debug|Any CPU.ActiveCfg = Debug|Any CPU
		{298A2627-0E91-49E8-8859-D8684838EBF6}.Debug|Any CPU.Build.0 = Debug|Any CPU
		{298A2627-0E91-49E8-8859-D8684838EBF6}.Release|Any CPU.ActiveCfg = Release|Any CPU
		{298A2627-0E91-49E8-8859-D8684838EBF6}.Release|Any CPU.Build.0 = Release|Any CPU
		{23C6EE81-5751-4F06-A010-114BE250F26F}.Debug|Any CPU.ActiveCfg = Debug|Any CPU
		{23C6EE81-5751-4F06-A010-114BE250F26F}.Debug|Any CPU.Build.0 = Debug|Any CPU
		{23C6EE81-5751-4F06-A010-114BE250F26F}.Release|Any CPU.ActiveCfg = Release|Any CPU
		{23C6EE81-5751-4F06-A010-114BE250F26F}.Release|Any CPU.Build.0 = Release|Any CPU
		{B556A11D-45DF-4132-84A4-99D815CDB310}.Debug|Any CPU.ActiveCfg = Debug|Any CPU
		{B556A11D-45DF-4132-84A4-99D815CDB310}.Debug|Any CPU.Build.0 = Debug|Any CPU
		{B556A11D-45DF-4132-84A4-99D815CDB310}.Release|Any CPU.ActiveCfg = Release|Any CPU
		{B556A11D-45DF-4132-84A4-99D815CDB310}.Release|Any CPU.Build.0 = Release|Any CPU
	EndGlobalSection
	GlobalSection(SolutionProperties) = preSolution
		HideSolutionNode = FALSE
	EndGlobalSection
	GlobalSection(NestedProjects) = preSolution
		{DF11B17D-F0C1-44B0-AC1F-235FA81D7DCC} = {B94B8E18-871C-4E4C-B695-7A0A0267279E}
		{7572FAF4-5043-4963-9893-D261A5B2243A} = {B94B8E18-871C-4E4C-B695-7A0A0267279E}
		{507400D8-6F10-4D94-B48F-FBD76E687747} = {B94B8E18-871C-4E4C-B695-7A0A0267279E}
		{44273038-6DCD-4E21-8BEA-AB0B67C948DD} = {B94B8E18-871C-4E4C-B695-7A0A0267279E}
		{3CD1F3E6-56CE-4B92-976C-790A089EDD2B} = {B94B8E18-871C-4E4C-B695-7A0A0267279E}
		{9531825B-7B8C-4988-A284-F09CAE793468} = {B94B8E18-871C-4E4C-B695-7A0A0267279E}
		{A7619C80-083F-4A9E-A7FC-005F3C234BB7} = {B94B8E18-871C-4E4C-B695-7A0A0267279E}
		{42B8C3D5-21DF-4955-97DE-970751CFED71} = {B94B8E18-871C-4E4C-B695-7A0A0267279E}
		{617CE188-9285-4082-87C4-4FEA1320426D} = {B94B8E18-871C-4E4C-B695-7A0A0267279E}
		{F2197B03-3619-4357-A375-6A6FD6341564} = {BEC18E7A-C0F5-4706-8D3E-9AB83A3DE7BB}
		{7BFBEC0D-8012-4376-945B-4A142B42FC07} = {BEC18E7A-C0F5-4706-8D3E-9AB83A3DE7BB}
		{85DB8DC3-10CA-433F-8C73-5839A7EAAA12} = {BEC18E7A-C0F5-4706-8D3E-9AB83A3DE7BB}
		{E85FBD75-0027-4660-84EA-6F71003EBDCD} = {BFA553FE-FF7A-4D5C-8E05-548E6A19AC57}
		{B661845D-CAB2-4BD1-9571-E5DEE5F92987} = {BFA553FE-FF7A-4D5C-8E05-548E6A19AC57}
		{865B4F10-EC72-46EC-B3F8-D28CD49C8951} = {BFA553FE-FF7A-4D5C-8E05-548E6A19AC57}
		{C656342A-55E4-4EB4-9E28-6F26C3F7AE1A} = {053E7E78-B03F-4AD0-AC12-B7A96493A07C}
		{AC5F3BE6-3FA4-4835-9E4C-776101BEC01D} = {B94B8E18-871C-4E4C-B695-7A0A0267279E}
		{95E9388C-0F29-45A4-B0C7-92BA3D3C4D6E} = {B94B8E18-871C-4E4C-B695-7A0A0267279E}
		{6C731082-FDAE-42C4-9172-89B81D26E851} = {B94B8E18-871C-4E4C-B695-7A0A0267279E}
		{00ED40AC-B7F7-486C-A5FA-8E35D9CAF25B} = {26B86B44-D80C-4264-9869-8ED933E78D73}
		{AAB9EEE4-BBE3-4C9C-94E2-E1C8A619B9D7} = {26B86B44-D80C-4264-9869-8ED933E78D73}
		{4D9F6F3E-5A15-4918-AF01-BA81CBDFCEB1} = {26B86B44-D80C-4264-9869-8ED933E78D73}
		{EA760C66-843C-4353-B948-6CFE846072EE} = {B94B8E18-871C-4E4C-B695-7A0A0267279E}
		{5C0634BF-994F-479B-A14D-14442931B5F6} = {B94B8E18-871C-4E4C-B695-7A0A0267279E}
		{13D06798-51AF-4E9D-8270-F618F57E952A} = {B94B8E18-871C-4E4C-B695-7A0A0267279E}
		{0C161477-5C9B-4470-8E29-6DC33999D8A7} = {B94B8E18-871C-4E4C-B695-7A0A0267279E}
		{3C62BB18-58E4-4934-8B2C-CAAFD49390A3} = {B94B8E18-871C-4E4C-B695-7A0A0267279E}
		{A2DF37E8-29AF-4609-9CBA-EC1BC37F1680} = {B94B8E18-871C-4E4C-B695-7A0A0267279E}
		{82A44488-A919-4188-92CC-5267AB8B7030} = {CB741D43-FE69-4FF1-AE00-9C4D55F2F943}
		{8988148D-B9C0-4619-81D2-568BA7CAD871} = {CB741D43-FE69-4FF1-AE00-9C4D55F2F943}
		{BC82B95D-F46B-4696-AF27-4088507B7A07} = {B94B8E18-871C-4E4C-B695-7A0A0267279E}
		{8F914B99-A129-4FC1-92B3-EAC9A5B6E093} = {AF7E0818-AF35-4A6D-8089-D22B70A0C9CB}
		{A280F665-3F6B-498E-8CB4-BCA0DE629CF2} = {AF7E0818-AF35-4A6D-8089-D22B70A0C9CB}
		{691F57F6-08CB-407A-A5C2-2ED3EC5A392F} = {B94B8E18-871C-4E4C-B695-7A0A0267279E}
		{298A2627-0E91-49E8-8859-D8684838EBF6} = {B94B8E18-871C-4E4C-B695-7A0A0267279E}
		{23C6EE81-5751-4F06-A010-114BE250F26F} = {B94B8E18-871C-4E4C-B695-7A0A0267279E}
		{B556A11D-45DF-4132-84A4-99D815CDB310} = {B94B8E18-871C-4E4C-B695-7A0A0267279E}
	EndGlobalSection
	GlobalSection(ExtensibilityGlobals) = postSolution
		SolutionGuid = {0680B8D4-246F-4C6E-9C0F-56DAEA8E5485}
	EndGlobalSection
EndGlobal
